github.com/StefanSchroeder/Golang-Ellipsoid v0.0.0-20200928074047-3758eb9e9574 h1:l/LWu3593Pp/tlhQ47jWuRaFkukQBd+b21XNkE401Yw=
github.com/StefanSchroeder/Golang-Ellipsoid v0.0.0-20200928074047-3758eb9e9574/go.mod h1:6/CMhlAhQVieQT0vgVvr6VfWJj21dQV7Ns6yOLuLnF8=
github.com/fhs/go-netcdf v1.2.1 h1:Gdxo962yQtRNw6wJ2RRB693QmsMBngQRJN/v0UEP1Z8=
github.com/fhs/go-netcdf v1.2.1/go.mod h1:msn14RWMjc966goHHzja4PTDaphTENRg2vo+3f27Wpg=
github.com/go-sql-driver/mysql v1.6.0 h1:BCTh4TKNUYmOmMUcQ3IipzF5prigylS7XXjEkfCHuOE=
github.com/go-sql-driver/mysql v1.6.0/go.mod h1:DCzpHaOWr8IXmIStZouvnhqoel9Qv2LBy8hT2VhHyBg=
github.com/im7mortal/UTM v1.2.0 h1:+zEEbRNrhM8QUspF6G+iOgZ2L7wLXOppdv09FgDES/w=
github.com/im7mortal/UTM v1.2.0/go.mod h1:2NjXqikKdBoolkoo3OEDLoxWW5thIIP4Wr76RBAtrYU=
github.com/lukeroth/gdal v0.0.0-20190921144944-56cda832b98a h1:q/OGdwoGi0Vef1qSoDhpxPMSM11Sh5K5kF1+xCV89oc=
github.com/lukeroth/gdal v0.0.0-20190921144944-56cda832b98a/go.mod h1:b5WotsJtp/ZDsNP4oK/e0QCh9vay05awhSB9/YegW0Q=
github.com/tidwall/gjson v1.14.1 h1:iymTbGkQBhveq21bEvAQ81I0LEBork8BFe1CUZXdyuo=
github.com/tidwall/gjson v1.14.1/go.mod h1:/wbyibRr2FHMks5tjHJ5F8dMZh3AcwJEMf5vlfC0lxk=
github.com/tidwall/match v1.1.1 h1:+Ho715JplO36QYgwN9PGYNhgZvoUSc9X2c80KVTi+GA=
github.com/tidwall/match v1.1.1/go.mod h1:eRSPERbgtNPcGhD8UCthc6PmLEQXEWd3PRB5JTxsfmM=
github.com/tidwall/pretty v1.2.0 h1:RWIZEg2iJ8/g6fDDYzMpobmaoGh5OLl4AXtGUGPcqCs=
github.com/tidwall/pretty v1.2.0/go.mod h1:ITEVvHYasfjBbM0u2Pg8T2nJnzm8xPwvNhhsoaGGjNU=
